<?xml version="1.0" encoding="utf-8"?>
<Project ToolsVersion="4.0" xmlns="http://schemas.microsoft.com/developer/msbuild/2003">
  <ItemGroup>
    <Filter Include="Source Files">
      <UniqueIdentifier>{ac108a75-2f06-4b6a-b83c-bcc21f6a75ed}</UniqueIdentifier>
      <Extensions>cpp;c;cxx;rc;def;r;odl;idl;hpj;bat</Extensions>
    </Filter>
    <Filter Include="Header Files">
      <UniqueIdentifier>{a913fa1e-72e6-4b82-95c4-2961144e8ef7}</UniqueIdentifier>
      <Extensions>h;hpp;hxx;hm;inl</Extensions>
    </Filter>
    <Filter Include="Midi">
      <UniqueIdentifier>{c5f558a3-8285-4c4b-a1c4-652c88ce133c}</UniqueIdentifier>
    </Filter>
    <Filter Include="Audiolib">
      <UniqueIdentifier>{14c09de2-b971-4d0a-8160-c23f71dfd35b}</UniqueIdentifier>
    </Filter>
    <Filter Include="Console Source">
      <UniqueIdentifier>{5a8107f5-dcb4-4cef-a7cc-61f43a06659c}</UniqueIdentifier>
    </Filter>
    <Filter Include="Console Headers">
      <UniqueIdentifier>{af526b17-2945-413b-a634-64f1b90d1b02}</UniqueIdentifier>
    </Filter>
  </ItemGroup>
  <ItemGroup>
    <ClCompile Include="src\audiolib\dsl.c">
      <Filter>Audiolib</Filter>
    </ClCompile>
    <ClCompile Include="src\audiolib\fx_man.c">
      <Filter>Audiolib</Filter>
    </ClCompile>
    <ClCompile Include="src\audiolib\ll_man.c">
      <Filter>Audiolib</Filter>
    </ClCompile>
    <ClCompile Include="src\audiolib\multivoc.c">
      <Filter>Audiolib</Filter>
    </ClCompile>
    <ClCompile Include="src\audiolib\mv_mix.c">
      <Filter>Audiolib</Filter>
    </ClCompile>
    <ClCompile Include="src\audiolib\mvreverb.c">
      <Filter>Audiolib</Filter>
    </ClCompile>
    <ClCompile Include="src\audiolib\nodpmi.c">
      <Filter>Audiolib</Filter>
    </ClCompile>
    <ClCompile Include="src\audiolib\pitch.c">
      <Filter>Audiolib</Filter>
    </ClCompile>
    <ClCompile Include="src\audiolib\user.c">
      <Filter>Audiolib</Filter>
    </ClCompile>
    <ClCompile Include="src\console.c">
      <Filter>Console Source</Filter>
    </ClCompile>
    <ClCompile Include="src\cvar_defs.c">
      <Filter>Console Source</Filter>
    </ClCompile>
    <ClCompile Include="src\cvars.c">
      <Filter>Console Source</Filter>
    </ClCompile>
    <ClCompile Include="src\actors.c">
      <Filter>Source Files</Filter>
    </ClCompile>
    <ClCompile Include="src\animlib.c">
      <Filter>Source Files</Filter>
    </ClCompile>
    <ClCompile Include="src\config.c">
      <Filter>Source Files</Filter>
    </ClCompile>
    <ClCompile Include="src\control.c">
      <Filter>Source Files</Filter>
    </ClCompile>
    <ClCompile Include="src\game.c">
      <Filter>Source Files</Filter>
    </ClCompile>
    <ClCompile Include="src\gamedef.c">
      <Filter>Source Files</Filter>
    </ClCompile>
    <ClCompile Include="src\global.c">
      <Filter>Source Files</Filter>
    </ClCompile>
    <ClCompile Include="src\keyboard.c">
      <Filter>Source Files</Filter>
    </ClCompile>
    <ClCompile Include="src\menues.c">
      <Filter>Source Files</Filter>
    </ClCompile>
    <ClCompile Include="src\player.c">
      <Filter>Source Files</Filter>
    </ClCompile>
    <ClCompile Include="src\premap.c">
      <Filter>Source Files</Filter>
    </ClCompile>
    <ClCompile Include="src\rts.c">
      <Filter>Source Files</Filter>
    </ClCompile>
    <ClCompile Include="src\scriplib.c">
      <Filter>Source Files</Filter>
    </ClCompile>
    <ClCompile Include="src\sector.c">
      <Filter>Source Files</Filter>
    </ClCompile>
    <ClCompile Include="src\sounds.c">
      <Filter>Source Files</Filter>
    </ClCompile>
    <ClCompile Include="src\midi\sdl_midi.c">
      <Filter>Midi</Filter>
    </ClCompile>
  </ItemGroup>
  <ItemGroup>
    <ClInclude Include="src\audiolib\assert.h">
      <Filter>Audiolib</Filter>
    </ClInclude>
    <ClInclude Include="src\_functio.h">
      <Filter>Console Headers</Filter>
    </ClInclude>
    <ClInclude Include="src\console.h">
      <Filter>Console Headers</Filter>
    </ClInclude>
    <ClInclude Include="src\cvar_defs.h">
      <Filter>Console Headers</Filter>
    </ClInclude>
    <ClInclude Include="src\cvars.h">
      <Filter>Console Headers</Filter>
    </ClInclude>
    <ClInclude Include="src\_rts.h">
      <Filter>Header Files</Filter>
    </ClInclude>
    <ClInclude Include="src\animlib.h">
      <Filter>Header Files</Filter>
    </ClInclude>
    <ClInclude Include="src\config.h">
      <Filter>Header Files</Filter>
    </ClInclude>
    <ClInclude Include="src\control.h">
      <Filter>Header Files</Filter>
    </ClInclude>
    <ClInclude Include="src\develop.h">
      <Filter>Header Files</Filter>
    </ClInclude>
    <ClInclude Include="src\duke3d.h">
      <Filter>Header Files</Filter>
    </ClInclude>
    <ClInclude Include="src\dukewin.h">
      <Filter>Header Files</Filter>
    </ClInclude>
    <ClInclude Include="src\file_lib.h">
      <Filter>Header Files</Filter>
    </ClInclude>
    <ClInclude Include="src\funct.h">
      <Filter>Header Files</Filter>
    </ClInclude>
    <ClInclude Include="src\function.h">
      <Filter>Header Files</Filter>
    </ClInclude>
    <ClInclude Include="src\gamedefs.h">
      <Filter>Header Files</Filter>
    </ClInclude>
    <ClInclude Include="src\keyboard.h">
      <Filter>Header Files</Filter>
    </ClInclude>
    <ClInclude Include="src\mouse.h">
      <Filter>Header Files</Filter>
    </ClInclude>
    <ClInclude Include="src\names.h">
      <Filter>Header Files</Filter>
    </ClInclude>
    <ClInclude Include="src\rts.h">
      <Filter>Header Files</Filter>
    </ClInclude>
    <ClInclude Include="src\scriplib.h">
      <Filter>Header Files</Filter>
    </ClInclude>
    <ClInclude Include="src\soundefs.h">
      <Filter>Header Files</Filter>
    </ClInclude>
    <ClInclude Include="src\sounds.h">
      <Filter>Header Files</Filter>
    </ClInclude>
    <ClInclude Include="src\types.h">
      <Filter>Header Files</Filter>
    </ClInclude>
    <ClInclude Include="src\util_lib.h">
      <Filter>Header Files</Filter>
    </ClInclude>
    <ClInclude Include="src\midi\databuf.h">
      <Filter>Header Files</Filter>
    </ClInclude>
    <ClInclude Include="src\midi\win_midiout.h">
      <Filter>Header Files</Filter>
    </ClInclude>
    <ClInclude Include="src\midi\xmidi.h">
      <Filter>Header Files</Filter>
    </ClInclude>
  </ItemGroup>
</Project>